
Microsoft Visual Studio Solution File, Format Version 12.00
# Visual Studio Version 17
VisualStudioVersion = 17.14.36518.9
MinimumVisualStudioVersion = 10.0.40219.1
Project("{FAE04EC0-301F-11D3-BF4B-00C04F79EFBC}") = "payment.api", "payment-gateway\payment.api.csproj", "{4CD8F264-4383-4A74-826E-B5ECCE966CAA}"
EndProject
Project("{FAE04EC0-301F-11D3-BF4B-00C04F79EFBC}") = "payment.service", "payment-service\payment.service.csproj", "{2EA253AE-B407-46CE-BBD2-823022AC2CE7}"
EndProject
Global
	GlobalSection(SolutionConfigurationPlatforms) = preSolution
		Debug|Any CPU = Debug|Any CPU
		Release|Any CPU = Release|Any CPU
	EndGlobalSection
	GlobalSection(ProjectConfigurationPlatforms) = postSolution
		{4CD8F264-4383-4A74-826E-B5ECCE966CAA}.Debug|Any CPU.ActiveCfg = Debug|Any CPU
		{4CD8F264-4383-4A74-826E-B5ECCE966CAA}.Debug|Any CPU.Build.0 = Debug|Any CPU
		{4CD8F264-4383-4A74-826E-B5ECCE966CAA}.Release|Any CPU.ActiveCfg = Release|Any CPU
		{4CD8F264-4383-4A74-826E-B5ECCE966CAA}.Release|Any CPU.Build.0 = Release|Any CPU
		{2EA253AE-B407-46CE-BBD2-823022AC2CE7}.Debug|Any CPU.ActiveCfg = Debug|Any CPU
		{2EA253AE-B407-46CE-BBD2-823022AC2CE7}.Debug|Any CPU.Build.0 = Debug|Any CPU
		{2EA253AE-B407-46CE-BBD2-823022AC2CE7}.Release|Any CPU.ActiveCfg = Release|Any CPU
		{2EA253AE-B407-46CE-BBD2-823022AC2CE7}.Release|Any CPU.Build.0 = Release|Any CPU
	EndGlobalSection
	GlobalSection(SolutionProperties) = preSolution
		HideSolutionNode = FALSE
	EndGlobalSection
	GlobalSection(ExtensibilityGlobals) = postSolution
		SolutionGuid = {D55982CF-26C9-43C7-9E55-B997A973BA34}
	EndGlobalSection
EndGlobal
